
Microsoft Visual Studio Solution File, Format Version 12.00
Project("{FAE04EC0-301F-11D3-BF4B-00C04F79EFBC}") = "SidecarService", "SidecarService\SidecarService.csproj", "{8A0795FB-17F6-443E-B7D4-8CB9A1AC173B}"
EndProject
Global
	GlobalSection(SolutionConfigurationPlatforms) = preSolution
		Debug|Any CPU = Debug|Any CPU
		Release|Any CPU = Release|Any CPU
	EndGlobalSection
	GlobalSection(ProjectConfigurationPlatforms) = postSolution
		{8A0795FB-17F6-443E-B7D4-8CB9A1AC173B}.Debug|Any CPU.ActiveCfg = Debug|Any CPU
		{8A0795FB-17F6-443E-B7D4-8CB9A1AC173B}.Debug|Any CPU.Build.0 = Debug|Any CPU
		{8A0795FB-17F6-443E-B7D4-8CB9A1AC173B}.Release|Any CPU.ActiveCfg = Release|Any CPU
		{8A0795FB-17F6-443E-B7D4-8CB9A1AC173B}.Release|Any CPU.Build.0 = Release|Any CPU
	EndGlobalSection
EndGlobal
